// !$*UTF8*$!
{
	archiveVersion = 1;
	classes = {
	};
	objectVersion = 90;
	objects = {

/* Begin PBXBuildFile section */
		0F19E79A9D08EC74E7EB66F7 /* GermanHolidaysView.swift in Sources */ = {isa = PBXBuildFile; fileRef = 698A2DABC26A715DFA216B7C /* GermanHolidaysView.swift */; };
		2C034905244B13F700AEE556 /* PowerConsumption.swift in Sources */ = {isa = PBXBuildFile; fileRef = 2C034904244B13F700AEE556 /* PowerConsumption.swift */; };
		2C2A8373247A960A0076EEDE /* MenuController.swift in Sources */ = {isa = PBXBuildFile; fileRef = 2C2A8372247A960A0076EEDE /* MenuController.swift */; };
		2C4AA86A2F6202A700F1BDCC /* WindChillView.swift in Sources */ = {isa = PBXBuildFile; fileRef = 2C4AA8692F6202A700F1BDCC /* WindChillView.swift */; };
		2C4AA86C2F637DDE00F1BDCC /* MoonPhaseView.swift in Sources */ = {isa = PBXBuildFile; fileRef = 2C4AA86B2F637DDE00F1BDCC /* MoonPhaseView.swift */; };
		2C4AA86E2F637E3100F1BDCC /* ResistorColorCodeView.swift in Sources */ = {isa = PBXBuildFile; fileRef = 2C4AA86D2F637E3100F1BDCC /* ResistorColorCodeView.swift */; };
		2C5F836E2F5D8C02009898E9 /* AboutView.swift in Sources */ = {isa = PBXBuildFile; fileRef = 2C5F836D2F5D8C02009898E9 /* AboutView.swift */; };
		2C5F83702F5D8D9E009898E9 /* PercentageView.swift in Sources */ = {isa = PBXBuildFile; fileRef = 2C5F836F2F5D8D9E009898E9 /* PercentageView.swift */; };
		2C5F83722F5D8F1B009898E9 /* CurrencyConverterView.swift in Sources */ = {isa = PBXBuildFile; fileRef = 2C5F83712F5D8F1B009898E9 /* CurrencyConverterView.swift */; };
		2C5F83742F5D922F009898E9 /* TemperatureView.swift in Sources */ = {isa = PBXBuildFile; fileRef = 2C5F83732F5D922F009898E9 /* TemperatureView.swift */; };
		2C5F83762F5D9586009898E9 /* ConvertNumbersView.swift in Sources */ = {isa = PBXBuildFile; fileRef = 2C5F83752F5D9586009898E9 /* ConvertNumbersView.swift */; };
		2C5F83782F5D96B5009898E9 /* InterestRateView.swift in Sources */ = {isa = PBXBuildFile; fileRef = 2C5F83772F5D96B5009898E9 /* InterestRateView.swift */; };
		2C5F837A2F5D98C3009898E9 /* HorizonView.swift in Sources */ = {isa = PBXBuildFile; fileRef = 2C5F83792F5D98C3009898E9 /* HorizonView.swift */; };
		2C5F837E2F5D9A44009898E9 /* CalendarCalculationView.swift in Sources */ = {isa = PBXBuildFile; fileRef = 2C5F837D2F5D9A44009898E9 /* CalendarCalculationView.swift */; };
		2C5F83822F5D9BBB009898E9 /* PowerConsumptionView.swift in Sources */ = {isa = PBXBuildFile; fileRef = 2C5F83812F5D9BBB009898E9 /* PowerConsumptionView.swift */; };
		2C5F83862F5D9F94009898E9 /* DecimalRomanNumbersView.swift in Sources */ = {isa = PBXBuildFile; fileRef = 2C5F83852F5D9F94009898E9 /* DecimalRomanNumbersView.swift */; };
		2C5F838A2F5DA0B5009898E9 /* TranslationView.swift in Sources */ = {isa = PBXBuildFile; fileRef = 2C5F83892F5DA0B5009898E9 /* TranslationView.swift */; };
		2C5F838E2F5DA39F009898E9 /* BenchmarkView.swift in Sources */ = {isa = PBXBuildFile; fileRef = 2C5F838D2F5DA39F009898E9 /* BenchmarkView.swift */; };
		2C5F83922F5DA548009898E9 /* MasterView.swift in Sources */ = {isa = PBXBuildFile; fileRef = 2C5F83912F5DA548009898E9 /* MasterView.swift */; };
		2C5F83942F5DA6CC009898E9 /* DailyToolboxApp.swift in Sources */ = {isa = PBXBuildFile; fileRef = 2C5F83932F5DA6CC009898E9 /* DailyToolboxApp.swift */; };
		2C5F83962F5DA6D6009898E9 /* ContentView.swift in Sources */ = {isa = PBXBuildFile; fileRef = 2C5F83952F5DA6D6009898E9 /* ContentView.swift */; };
		2C5F83A12F5DB001009898E9 /* SplashView.swift in Sources */ = {isa = PBXBuildFile; fileRef = 2C5F83A02F5DB000009898E9 /* SplashView.swift */; };
		2C8040C72439F1590057909D /* WebKit.framework in Frameworks */ = {isa = PBXBuildFile; fileRef = 2C8040C62439F1590057909D /* WebKit.framework */; };
		2C87D20A241A920900BA4363 /* InterestRate.swift in Sources */ = {isa = PBXBuildFile; fileRef = 2C87D209241A920900BA4363 /* InterestRate.swift */; };
		2C87D20C241A96C300BA4363 /* CalendarCalculation.swift in Sources */ = {isa = PBXBuildFile; fileRef = 2C87D20B241A96C300BA4363 /* CalendarCalculation.swift */; };
		2C8B2344242663D6007A20DF /* MyExtensions.swift in Sources */ = {isa = PBXBuildFile; fileRef = 2C8B2343242663D6007A20DF /* MyExtensions.swift */; };
		2C94C9A623F994D6002D7C28 /* Percent.swift in Sources */ = {isa = PBXBuildFile; fileRef = 2C94C9A523F994D6002D7C28 /* Percent.swift */; };
		2CA494A924522AB300E61CC5 /* Global.swift in Sources */ = {isa = PBXBuildFile; fileRef = 2CA494A824522AB300E61CC5 /* Global.swift */; };
		2CAAE4ED240FFE9A00D13315 /* CurrencyConverter.swift in Sources */ = {isa = PBXBuildFile; fileRef = 2CAAE4EC240FFE9A00D13315 /* CurrencyConverter.swift */; };
		2CBD866A23F6AA480011D886 /* AppDelegate.swift in Sources */ = {isa = PBXBuildFile; fileRef = 2CBD866923F6AA480011D886 /* AppDelegate.swift */; };
		2CBD867523F6AA480011D886 /* Assets.xcassets in Resources */ = {isa = PBXBuildFile; fileRef = 2CBD867423F6AA480011D886 /* Assets.xcassets */; };
		2CBD868323F6AA490011D886 /* DailyToolboxTests.swift in Sources */ = {isa = PBXBuildFile; fileRef = 2CBD868223F6AA490011D886 /* DailyToolboxTests.swift */; };
		2CBD869523F6BE7E0011D886 /* Temperature.swift in Sources */ = {isa = PBXBuildFile; fileRef = 2CBD869423F6BE7E0011D886 /* Temperature.swift */; };
		2CBD869723F6BE990011D886 /* ConvertNumbers.swift in Sources */ = {isa = PBXBuildFile; fileRef = 2CBD869623F6BE990011D886 /* ConvertNumbers.swift */; };
		2CBF5ED32F5DFFAC009575C2 /* Localizable.xcstrings in Resources */ = {isa = PBXBuildFile; fileRef = 2CBF5ED22F5DFFAC009575C2 /* Localizable.xcstrings */; };
		2CBF5ED62F5E0755009575C2 /* UnitConverterView.swift in Sources */ = {isa = PBXBuildFile; fileRef = 2CBF5ED52F5E0755009575C2 /* UnitConverterView.swift */; };
		2CBF5ED82F5E0785009575C2 /* TipSplitterView.swift in Sources */ = {isa = PBXBuildFile; fileRef = 2CBF5ED72F5E0785009575C2 /* TipSplitterView.swift */; };
		2CBF5EDA2F5E0AD2009575C2 /* QRCodeView.swift in Sources */ = {isa = PBXBuildFile; fileRef = 2CBF5ED92F5E0AD2009575C2 /* QRCodeView.swift */; };
		2CBF5EDD2F5E1274009575C2 /* ColorPickerView.swift in Sources */ = {isa = PBXBuildFile; fileRef = 2CBF5EDC2F5E1274009575C2 /* ColorPickerView.swift */; };
		2CBF5EDF2F5E1274009575C2 /* AreaVolumeView.swift in Sources */ = {isa = PBXBuildFile; fileRef = 2CBF5EDE2F5E1274009575C2 /* AreaVolumeView.swift */; };
		2CBF5EE12F5E1281009575C2 /* OhmsLawView.swift in Sources */ = {isa = PBXBuildFile; fileRef = 2CBF5EE02F5E1281009575C2 /* OhmsLawView.swift */; };
		2CBF5EE32F5E1562009575C2 /* LoanCalculatorView.swift in Sources */ = {isa = PBXBuildFile; fileRef = 2CBF5EE22F5E1562009575C2 /* LoanCalculatorView.swift */; };
		2CBF5EE52F5E15A8009575C2 /* BMIView.swift in Sources */ = {isa = PBXBuildFile; fileRef = 2CBF5EE42F5E15A8009575C2 /* BMIView.swift */; };
		2CD4C2E3240435C8008825E6 /* ComputeHorizon.swift in Sources */ = {isa = PBXBuildFile; fileRef = 2CD4C2E2240435C8008825E6 /* ComputeHorizon.swift */; };
		2CD4C2E724082F31008825E6 /* Benchmark.swift in Sources */ = {isa = PBXBuildFile; fileRef = 2CD4C2E624082F31008825E6 /* Benchmark.swift */; };
		2CD4C2E924084A5A008825E6 /* DeviceInfo.swift in Sources */ = {isa = PBXBuildFile; fileRef = 2CD4C2E824084A5A008825E6 /* DeviceInfo.swift */; };
		2CF446072F6DEF3B009DE620 /* Statistics.swift in Sources */ = {isa = PBXBuildFile; fileRef = 2CF446062F6DEF3B009DE620 /* Statistics.swift */; };
		2CF446092F6DEF66009DE620 /* StatisticsView.swift in Sources */ = {isa = PBXBuildFile; fileRef = 2CF446082F6DEF66009DE620 /* StatisticsView.swift */; };
		73F922F5B4079F8D326DBDA5 /* AspectRatioView.swift in Sources */ = {isa = PBXBuildFile; fileRef = 82B60AC8709404457D01D424 /* AspectRatioView.swift */; };
		DA89F60DBDBB571877892DDA /* FuelCostView.swift in Sources */ = {isa = PBXBuildFile; fileRef = 98290F7E7C2705ED3679A6B5 /* FuelCostView.swift */; };
		DBBBF7A9F21C16243C9ACC4A /* RandomizerView.swift in Sources */ = {isa = PBXBuildFile; fileRef = 44B923CFE82DBFA41976C241 /* RandomizerView.swift */; };
		ED594AE3762CE492FA6BD580 /* SunriseView.swift in Sources */ = {isa = PBXBuildFile; fileRef = 1889001BC656E4FB1229CE5D /* SunriseView.swift */; };
/* End PBXBuildFile section */

/* Begin PBXContainerItemProxy section */
		2CBD867F23F6AA490011D886 /* PBXContainerItemProxy */ = {
			isa = PBXContainerItemProxy;
			containerPortal = 2CBD865E23F6AA480011D886 /* Project object */;
			proxyType = 1;
			remoteGlobalIDString = 2CBD866523F6AA480011D886;
			remoteInfo = DailyToolbox;
		};
/* End PBXContainerItemProxy section */

/* Begin PBXFileReference section */
		1889001BC656E4FB1229CE5D /* SunriseView.swift */ = {isa = PBXFileReference; includeInIndex = 1; lastKnownFileType = sourcecode.swift; path = SunriseView.swift; sourceTree = "<group>"; };
		2C034904244B13F700AEE556 /* PowerConsumption.swift */ = {isa = PBXFileReference; lastKnownFileType = sourcecode.swift; path = PowerConsumption.swift; sourceTree = "<group>"; };
		2C2A8372247A960A0076EEDE /* MenuController.swift */ = {isa = PBXFileReference; lastKnownFileType = sourcecode.swift; path = MenuController.swift; sourceTree = "<group>"; };
		2C4AA8672F61D5E000F1BDCC /* GermanHolidaysView.swift */ = {isa = PBXFileReference; lastKnownFileType = sourcecode.swift; path = GermanHolidaysView.swift; sourceTree = "<group>"; };
		2C4AA8692F6202A700F1BDCC /* WindChillView.swift */ = {isa = PBXFileReference; lastKnownFileType = sourcecode.swift; path = WindChillView.swift; sourceTree = "<group>"; };
		2C4AA86B2F637DDE00F1BDCC /* MoonPhaseView.swift */ = {isa = PBXFileReference; lastKnownFileType = sourcecode.swift; path = MoonPhaseView.swift; sourceTree = "<group>"; };
		2C4AA86D2F637E3100F1BDCC /* ResistorColorCodeView.swift */ = {isa = PBXFileReference; lastKnownFileType = sourcecode.swift; path = ResistorColorCodeView.swift; sourceTree = "<group>"; };
		2C5F836D2F5D8C02009898E9 /* AboutView.swift */ = {isa = PBXFileReference; lastKnownFileType = sourcecode.swift; path = AboutView.swift; sourceTree = "<group>"; };
		2C5F836F2F5D8D9E009898E9 /* PercentageView.swift */ = {isa = PBXFileReference; lastKnownFileType = sourcecode.swift; path = PercentageView.swift; sourceTree = "<group>"; };
		2C5F83712F5D8F1B009898E9 /* CurrencyConverterView.swift */ = {isa = PBXFileReference; lastKnownFileType = sourcecode.swift; path = CurrencyConverterView.swift; sourceTree = "<group>"; };
		2C5F83732F5D922F009898E9 /* TemperatureView.swift */ = {isa = PBXFileReference; lastKnownFileType = sourcecode.swift; path = TemperatureView.swift; sourceTree = "<group>"; };
		2C5F83752F5D9586009898E9 /* ConvertNumbersView.swift */ = {isa = PBXFileReference; lastKnownFileType = sourcecode.swift; path = ConvertNumbersView.swift; sourceTree = "<group>"; };
		2C5F83772F5D96B5009898E9 /* InterestRateView.swift */ = {isa = PBXFileReference; lastKnownFileType = sourcecode.swift; path = InterestRateView.swift; sourceTree = "<group>"; };
		2C5F83792F5D98C3009898E9 /* HorizonView.swift */ = {isa = PBXFileReference; lastKnownFileType = sourcecode.swift; path = HorizonView.swift; sourceTree = "<group>"; };
		2C5F837D2F5D9A44009898E9 /* CalendarCalculationView.swift */ = {isa = PBXFileReference; lastKnownFileType = sourcecode.swift; path = CalendarCalculationView.swift; sourceTree = "<group>"; };
		2C5F83812F5D9BBB009898E9 /* PowerConsumptionView.swift */ = {isa = PBXFileReference; lastKnownFileType = sourcecode.swift; path = PowerConsumptionView.swift; sourceTree = "<group>"; };
		2C5F83852F5D9F94009898E9 /* DecimalRomanNumbersView.swift */ = {isa = PBXFileReference; lastKnownFileType = sourcecode.swift; path = DecimalRomanNumbersView.swift; sourceTree = "<group>"; };
		2C5F83892F5DA0B5009898E9 /* TranslationView.swift */ = {isa = PBXFileReference; lastKnownFileType = sourcecode.swift; path = TranslationView.swift; sourceTree = "<group>"; };
		2C5F838D2F5DA39F009898E9 /* BenchmarkView.swift */ = {isa = PBXFileReference; lastKnownFileType = sourcecode.swift; path = BenchmarkView.swift; sourceTree = "<group>"; };
		2C5F83912F5DA548009898E9 /* MasterView.swift */ = {isa = PBXFileReference; lastKnownFileType = sourcecode.swift; path = MasterView.swift; sourceTree = "<group>"; };
		2C5F83932F5DA6CC009898E9 /* DailyToolboxApp.swift */ = {isa = PBXFileReference; lastKnownFileType = sourcecode.swift; path = DailyToolboxApp.swift; sourceTree = "<group>"; };
		2C5F83952F5DA6D6009898E9 /* ContentView.swift */ = {isa = PBXFileReference; lastKnownFileType = sourcecode.swift; path = ContentView.swift; sourceTree = "<group>"; };
		2C5F83A02F5DB000009898E9 /* SplashView.swift */ = {isa = PBXFileReference; lastKnownFileType = sourcecode.swift; path = SplashView.swift; sourceTree = "<group>"; };
		2C8040C62439F1590057909D /* WebKit.framework */ = {isa = PBXFileReference; lastKnownFileType = wrapper.framework; name = WebKit.framework; path = Platforms/MacOSX.platform/Developer/SDKs/MacOSX10.15.sdk/System/Library/Frameworks/WebKit.framework; sourceTree = DEVELOPER_DIR; };
		2C87D209241A920900BA4363 /* InterestRate.swift */ = {isa = PBXFileReference; lastKnownFileType = sourcecode.swift; path = InterestRate.swift; sourceTree = "<group>"; };
		2C87D20B241A96C300BA4363 /* CalendarCalculation.swift */ = {isa = PBXFileReference; lastKnownFileType = sourcecode.swift; path = CalendarCalculation.swift; sourceTree = "<group>"; };
		2C8B2343242663D6007A20DF /* MyExtensions.swift */ = {isa = PBXFileReference; lastKnownFileType = sourcecode.swift; path = MyExtensions.swift; sourceTree = "<group>"; };
		2C94C9A523F994D6002D7C28 /* Percent.swift */ = {isa = PBXFileReference; fileEncoding = 4; lastKnownFileType = sourcecode.swift; path = Percent.swift; sourceTree = "<group>"; };
		2CA494A824522AB300E61CC5 /* Global.swift */ = {isa = PBXFileReference; lastKnownFileType = sourcecode.swift; path = Global.swift; sourceTree = "<group>"; };
		2CAAE4EC240FFE9A00D13315 /* CurrencyConverter.swift */ = {isa = PBXFileReference; lastKnownFileType = sourcecode.swift; path = CurrencyConverter.swift; sourceTree = "<group>"; };
		2CBD866623F6AA480011D886 /* DailyToolbox.app */ = {isa = PBXFileReference; explicitFileType = wrapper.application; includeInIndex = 0; path = DailyToolbox.app; sourceTree = BUILT_PRODUCTS_DIR; };
		2CBD866923F6AA480011D886 /* AppDelegate.swift */ = {isa = PBXFileReference; lastKnownFileType = sourcecode.swift; path = AppDelegate.swift; sourceTree = "<group>"; };
		2CBD867423F6AA480011D886 /* Assets.xcassets */ = {isa = PBXFileReference; lastKnownFileType = folder.assetcatalog; path = Assets.xcassets; sourceTree = "<group>"; };
		2CBD867923F6AA480011D886 /* Info.plist */ = {isa = PBXFileReference; lastKnownFileType = text.plist.xml; path = Info.plist; sourceTree = "<group>"; };
		2CBD867E23F6AA490011D886 /* DailyToolboxTests.xctest */ = {isa = PBXFileReference; explicitFileType = wrapper.cfbundle; includeInIndex = 0; path = DailyToolboxTests.xctest; sourceTree = BUILT_PRODUCTS_DIR; };
		2CBD868223F6AA490011D886 /* DailyToolboxTests.swift */ = {isa = PBXFileReference; lastKnownFileType = sourcecode.swift; path = DailyToolboxTests.swift; sourceTree = "<group>"; };
		2CBD868423F6AA490011D886 /* Info.plist */ = {isa = PBXFileReference; lastKnownFileType = text.plist.xml; path = Info.plist; sourceTree = "<group>"; };
		2CBD868D23F6AA510011D886 /* DailyToolbox.entitlements */ = {isa = PBXFileReference; lastKnownFileType = text.plist.entitlements; path = DailyToolbox.entitlements; sourceTree = "<group>"; };
		2CBD869423F6BE7E0011D886 /* Temperature.swift */ = {isa = PBXFileReference; fileEncoding = 4; lastKnownFileType = sourcecode.swift; path = Temperature.swift; sourceTree = "<group>"; };
		2CBD869623F6BE990011D886 /* ConvertNumbers.swift */ = {isa = PBXFileReference; fileEncoding = 4; lastKnownFileType = sourcecode.swift; path = ConvertNumbers.swift; sourceTree = "<group>"; };
		2CBF5ED22F5DFFAC009575C2 /* Localizable.xcstrings */ = {isa = PBXFileReference; lastKnownFileType = text.json.xcstrings; path = Localizable.xcstrings; sourceTree = "<group>"; };
		2CBF5ED52F5E0755009575C2 /* UnitConverterView.swift */ = {isa = PBXFileReference; lastKnownFileType = sourcecode.swift; path = UnitConverterView.swift; sourceTree = "<group>"; };
		2CBF5ED72F5E0785009575C2 /* TipSplitterView.swift */ = {isa = PBXFileReference; lastKnownFileType = sourcecode.swift; path = TipSplitterView.swift; sourceTree = "<group>"; };
		2CBF5ED92F5E0AD2009575C2 /* QRCodeView.swift */ = {isa = PBXFileReference; lastKnownFileType = sourcecode.swift; path = QRCodeView.swift; sourceTree = "<group>"; };
		2CBF5EDB2F5E1154009575C2 /* OhmsLawView.swift */ = {isa = PBXFileReference; lastKnownFileType = sourcecode.swift; path = OhmsLawView.swift; sourceTree = "<group>"; };
		2CBF5EDC2F5E1274009575C2 /* ColorPickerView.swift */ = {isa = PBXFileReference; lastKnownFileType = sourcecode.swift; path = ColorPickerView.swift; sourceTree = "<group>"; };
		2CBF5EDE2F5E1274009575C2 /* AreaVolumeView.swift */ = {isa = PBXFileReference; lastKnownFileType = sourcecode.swift; path = AreaVolumeView.swift; sourceTree = "<group>"; };
		2CBF5EE02F5E1281009575C2 /* OhmsLawView.swift */ = {isa = PBXFileReference; lastKnownFileType = sourcecode.swift; path = OhmsLawView.swift; sourceTree = "<group>"; };
		2CBF5EE22F5E1562009575C2 /* LoanCalculatorView.swift */ = {isa = PBXFileReference; lastKnownFileType = sourcecode.swift; path = LoanCalculatorView.swift; sourceTree = "<group>"; };
		2CBF5EE42F5E15A8009575C2 /* BMIView.swift */ = {isa = PBXFileReference; lastKnownFileType = sourcecode.swift; path = BMIView.swift; sourceTree = "<group>"; };
		2CD4C2E2240435C8008825E6 /* ComputeHorizon.swift */ = {isa = PBXFileReference; lastKnownFileType = sourcecode.swift; path = ComputeHorizon.swift; sourceTree = "<group>"; };
		2CD4C2E624082F31008825E6 /* Benchmark.swift */ = {isa = PBXFileReference; lastKnownFileType = sourcecode.swift; path = Benchmark.swift; sourceTree = "<group>"; };
		2CD4C2E824084A5A008825E6 /* DeviceInfo.swift */ = {isa = PBXFileReference; fileEncoding = 4; lastKnownFileType = sourcecode.swift; path = DeviceInfo.swift; sourceTree = "<group>"; };
		2CF446062F6DEF3B009DE620 /* Statistics.swift */ = {isa = PBXFileReference; lastKnownFileType = sourcecode.swift; path = Statistics.swift; sourceTree = "<group>"; };
		2CF446082F6DEF66009DE620 /* StatisticsView.swift */ = {isa = PBXFileReference; lastKnownFileType = sourcecode.swift; path = StatisticsView.swift; sourceTree = "<group>"; };
		44B923CFE82DBFA41976C241 /* RandomizerView.swift */ = {isa = PBXFileReference; lastKnownFileType = sourcecode.swift; path = RandomizerView.swift; sourceTree = "<group>"; };
		698A2DABC26A715DFA216B7C /* GermanHolidaysView.swift */ = {isa = PBXFileReference; lastKnownFileType = sourcecode.swift; path = GermanHolidaysView.swift; sourceTree = "<group>"; };
		82B60AC8709404457D01D424 /* AspectRatioView.swift */ = {isa = PBXFileReference; lastKnownFileType = sourcecode.swift; path = AspectRatioView.swift; sourceTree = "<group>"; };
		98290F7E7C2705ED3679A6B5 /* FuelCostView.swift */ = {isa = PBXFileReference; lastKnownFileType = sourcecode.swift; path = FuelCostView.swift; sourceTree = "<group>"; };
/* End PBXFileReference section */

/* Begin PBXFrameworksBuildPhase section */
		2CBD866323F6AA480011D886 /* Frameworks */ = {
			isa = PBXFrameworksBuildPhase;
			files = (
				2C8040C72439F1590057909D /* WebKit.framework in Frameworks */,
			);
		};
		2CBD867B23F6AA490011D886 /* Frameworks */ = {
			isa = PBXFrameworksBuildPhase;
			files = (
			);
		};
/* End PBXFrameworksBuildPhase section */

/* Begin PBXGroup section */
		2C8040C52439F1590057909D /* Frameworks */ = {
			isa = PBXGroup;
			children = (
				2C8040C62439F1590057909D /* WebKit.framework */,
			);
			name = Frameworks;
			sourceTree = "<group>";
		};
		2CBD865D23F6AA480011D886 = {
			isa = PBXGroup;
			children = (
				2CBD866823F6AA480011D886 /* DailyToolbox */,
				2CBD868123F6AA490011D886 /* DailyToolboxTests */,
				2CBD866723F6AA480011D886 /* Products */,
				2C8040C52439F1590057909D /* Frameworks */,
				2CBF5EDB2F5E1154009575C2 /* OhmsLawView.swift */,
				2C4AA8672F61D5E000F1BDCC /* GermanHolidaysView.swift */,
			);
			sourceTree = "<group>";
		};
		2CBD866723F6AA480011D886 /* Products */ = {
			isa = PBXGroup;
			children = (
				2CBD866623F6AA480011D886 /* DailyToolbox.app */,
				2CBD867E23F6AA490011D886 /* DailyToolboxTests.xctest */,
			);
			name = Products;
			sourceTree = "<group>";
		};
		2CBD866823F6AA480011D886 /* DailyToolbox */ = {
			isa = PBXGroup;
			children = (
				2CBD869323F6BE4E0011D886 /* Model */,
				2CBD869023F6B3CE0011D886 /* Views */,
				2CBD868D23F6AA510011D886 /* DailyToolbox.entitlements */,
				2CBD866923F6AA480011D886 /* AppDelegate.swift */,
				2CBD867423F6AA480011D886 /* Assets.xcassets */,
				2CBD867923F6AA480011D886 /* Info.plist */,
				2C5F83932F5DA6CC009898E9 /* DailyToolboxApp.swift */,
				2CBF5ED22F5DFFAC009575C2 /* Localizable.xcstrings */,
			);
			path = DailyToolbox;
			sourceTree = "<group>";
		};
		2CBD868123F6AA490011D886 /* DailyToolboxTests */ = {
			isa = PBXGroup;
			children = (
				2CBD868223F6AA490011D886 /* DailyToolboxTests.swift */,
				2CBD868423F6AA490011D886 /* Info.plist */,
			);
			path = DailyToolboxTests;
			sourceTree = "<group>";
		};
		2CBD869023F6B3CE0011D886 /* Views */ = {
			isa = PBXGroup;
			children = (
				2C5F83952F5DA6D6009898E9 /* ContentView.swift */,
				2C5F83A02F5DB000009898E9 /* SplashView.swift */,
				2C5F838D2F5DA39F009898E9 /* BenchmarkView.swift */,
				2C5F83912F5DA548009898E9 /* MasterView.swift */,
				2C5F836D2F5D8C02009898E9 /* AboutView.swift */,
				2C5F836F2F5D8D9E009898E9 /* PercentageView.swift */,
				2C5F83712F5D8F1B009898E9 /* CurrencyConverterView.swift */,
				2C5F83732F5D922F009898E9 /* TemperatureView.swift */,
				2C5F83752F5D9586009898E9 /* ConvertNumbersView.swift */,
				2C5F83772F5D96B5009898E9 /* InterestRateView.swift */,
				2C5F83792F5D98C3009898E9 /* HorizonView.swift */,
				2C5F837D2F5D9A44009898E9 /* CalendarCalculationView.swift */,
				2C5F83812F5D9BBB009898E9 /* PowerConsumptionView.swift */,
				2C5F83852F5D9F94009898E9 /* DecimalRomanNumbersView.swift */,
				2C5F83892F5DA0B5009898E9 /* TranslationView.swift */,
				2CBF5ED52F5E0755009575C2 /* UnitConverterView.swift */,
				2CBF5ED72F5E0785009575C2 /* TipSplitterView.swift */,
				2CBF5ED92F5E0AD2009575C2 /* QRCodeView.swift */,
				2CBF5EDC2F5E1274009575C2 /* ColorPickerView.swift */,
				2CBF5EDE2F5E1274009575C2 /* AreaVolumeView.swift */,
				2CBF5EE02F5E1281009575C2 /* OhmsLawView.swift */,
				82B60AC8709404457D01D424 /* AspectRatioView.swift */,
				44B923CFE82DBFA41976C241 /* RandomizerView.swift */,
				698A2DABC26A715DFA216B7C /* GermanHolidaysView.swift */,
				2CBF5EE22F5E1562009575C2 /* LoanCalculatorView.swift */,
				98290F7E7C2705ED3679A6B5 /* FuelCostView.swift */,
				2CBF5EE42F5E15A8009575C2 /* BMIView.swift */,
				1889001BC656E4FB1229CE5D /* SunriseView.swift */,
				2C4AA8692F6202A700F1BDCC /* WindChillView.swift */,
				2C4AA86B2F637DDE00F1BDCC /* MoonPhaseView.swift */,
				2C4AA86D2F637E3100F1BDCC /* ResistorColorCodeView.swift */,
				2CF446082F6DEF66009DE620 /* StatisticsView.swift */,
			);
			name = Views;
			sourceTree = "<group>";
		};
		2CBD869323F6BE4E0011D886 /* Model */ = {
			isa = PBXGroup;
			children = (
				2CD4C2E824084A5A008825E6 /* DeviceInfo.swift */,
				2C94C9A523F994D6002D7C28 /* Percent.swift */,
				2CBD869623F6BE990011D886 /* ConvertNumbers.swift */,
				2CBD869423F6BE7E0011D886 /* Temperature.swift */,
				2CD4C2E2240435C8008825E6 /* ComputeHorizon.swift */,
				2CD4C2E624082F31008825E6 /* Benchmark.swift */,
				2CAAE4EC240FFE9A00D13315 /* CurrencyConverter.swift */,
				2C87D209241A920900BA4363 /* InterestRate.swift */,
				2C87D20B241A96C300BA4363 /* CalendarCalculation.swift */,
				2C8B2343242663D6007A20DF /* MyExtensions.swift */,
				2C034904244B13F700AEE556 /* PowerConsumption.swift */,
				2CA494A824522AB300E61CC5 /* Global.swift */,
				2C2A8372247A960A0076EEDE /* MenuController.swift */,
				2CF446062F6DEF3B009DE620 /* Statistics.swift */,
			);
			name = Model;
			sourceTree = "<group>";
		};
/* End PBXGroup section */

/* Begin PBXNativeTarget section */
		2CBD866523F6AA480011D886 /* DailyToolbox */ = {
			isa = PBXNativeTarget;
			buildConfigurationList = 2CBD868723F6AA490011D886 /* Build configuration list for PBXNativeTarget "DailyToolbox" */;
			buildPhases = (
				2CBD866223F6AA480011D886 /* Sources */,
				2CBD866323F6AA480011D886 /* Frameworks */,
				2CBD866423F6AA480011D886 /* Resources */,
			);
			buildRules = (
			);
			name = DailyToolbox;
			productName = DailyToolbox;
			productReference = 2CBD866623F6AA480011D886 /* DailyToolbox.app */;
			productType = "com.apple.product-type.application";
		};
		2CBD867D23F6AA490011D886 /* DailyToolboxTests */ = {
			isa = PBXNativeTarget;
			buildConfigurationList = 2CBD868A23F6AA490011D886 /* Build configuration list for PBXNativeTarget "DailyToolboxTests" */;
			buildPhases = (
				2CBD867A23F6AA490011D886 /* Sources */,
				2CBD867B23F6AA490011D886 /* Frameworks */,
				2CBD867C23F6AA490011D886 /* Resources */,
			);
			buildRules = (
			);
			dependencies = (
				2CBD868023F6AA490011D886 /* PBXTargetDependency */,
			);
			name = DailyToolboxTests;
			productName = DailyToolboxTests;
			productReference = 2CBD867E23F6AA490011D886 /* DailyToolboxTests.xctest */;
			productType = "com.apple.product-type.bundle.unit-test";
		};
/* End PBXNativeTarget section */

/* Begin PBXProject section */
		2CBD865E23F6AA480011D886 /* Project object */ = {
			isa = PBXProject;
			attributes = {
				BuildIndependentTargetsInParallel = YES;
				LastSwiftUpdateCheck = 1130;
				LastUpgradeCheck = 2630;
				ORGANIZATIONNAME = "Marcus Deuß";
				TargetAttributes = {
					2CBD866523F6AA480011D886 = {
						CreatedOnToolsVersion = 11.3.1;
					};
					2CBD867D23F6AA490011D886 = {
						CreatedOnToolsVersion = 11.3.1;
						TestTargetID = 2CBD866523F6AA480011D886;
					};
				};
			};
			buildConfigurationList = 2CBD866123F6AA480011D886 /* Build configuration list for PBXProject "DailyToolbox" */;
			developmentRegion = en;
			hasScannedForEncodings = 0;
			knownRegions = (
				en,
				Base,
				de,
				it,
				es,
				da,
				fr,
			);
			mainGroup = 2CBD865D23F6AA480011D886;
			preferredProjectObjectVersion = 90;
			productRefGroup = 2CBD866723F6AA480011D886 /* Products */;
			projectDirPath = "";
			projectRoot = "";
			targets = (
				2CBD866523F6AA480011D886 /* DailyToolbox */,
				2CBD867D23F6AA490011D886 /* DailyToolboxTests */,
			);
		};
/* End PBXProject section */

/* Begin PBXResourcesBuildPhase section */
		2CBD866423F6AA480011D886 /* Resources */ = {
			isa = PBXResourcesBuildPhase;
			files = (
				2CBD867523F6AA480011D886 /* Assets.xcassets in Resources */,
				2CBF5ED32F5DFFAC009575C2 /* Localizable.xcstrings in Resources */,
			);
		};
		2CBD867C23F6AA490011D886 /* Resources */ = {
			isa = PBXResourcesBuildPhase;
			files = (
			);
		};
/* End PBXResourcesBuildPhase section */

/* Begin PBXSourcesBuildPhase section */
		2CBD866223F6AA480011D886 /* Sources */ = {
			isa = PBXSourcesBuildPhase;
			files = (
				73F922F5B4079F8D326DBDA5 /* AspectRatioView.swift in Sources */,
				DBBBF7A9F21C16243C9ACC4A /* RandomizerView.swift in Sources */,
				2C4AA86E2F637E3100F1BDCC /* ResistorColorCodeView.swift in Sources */,
				0F19E79A9D08EC74E7EB66F7 /* GermanHolidaysView.swift in Sources */,
				2CBF5EE32F5E1562009575C2 /* LoanCalculatorView.swift in Sources */,
				2C5F83962F5DA6D6009898E9 /* ContentView.swift in Sources */,
				2C4AA86C2F637DDE00F1BDCC /* MoonPhaseView.swift in Sources */,
				2CBD866A23F6AA480011D886 /* AppDelegate.swift in Sources */,
				2C5F837A2F5D98C3009898E9 /* HorizonView.swift in Sources */,
				2C5F837E2F5D9A44009898E9 /* CalendarCalculationView.swift in Sources */,
				2CD4C2E724082F31008825E6 /* Benchmark.swift in Sources */,
				2CBF5ED62F5E0755009575C2 /* UnitConverterView.swift in Sources */,
				2C5F83702F5D8D9E009898E9 /* PercentageView.swift in Sources */,
				2C5F83722F5D8F1B009898E9 /* CurrencyConverterView.swift in Sources */,
				2CF446072F6DEF3B009DE620 /* Statistics.swift in Sources */,
				2CBD869723F6BE990011D886 /* ConvertNumbers.swift in Sources */,
				2C2A8373247A960A0076EEDE /* MenuController.swift in Sources */,
				2CBF5ED82F5E0785009575C2 /* TipSplitterView.swift in Sources */,
				2C034905244B13F700AEE556 /* PowerConsumption.swift in Sources */,
				2CBF5EDA2F5E0AD2009575C2 /* QRCodeView.swift in Sources */,
				2C5F83942F5DA6CC009898E9 /* DailyToolboxApp.swift in Sources */,
				2C94C9A623F994D6002D7C28 /* Percent.swift in Sources */,
				2C5F83862F5D9F94009898E9 /* DecimalRomanNumbersView.swift in Sources */,
				2C5F83A12F5DB001009898E9 /* SplashView.swift in Sources */,
				2C5F83822F5D9BBB009898E9 /* PowerConsumptionView.swift in Sources */,
				2CD4C2E924084A5A008825E6 /* DeviceInfo.swift in Sources */,
				2CBF5EE12F5E1281009575C2 /* OhmsLawView.swift in Sources */,
				2CBF5EDF2F5E1274009575C2 /* AreaVolumeView.swift in Sources */,
				2CAAE4ED240FFE9A00D13315 /* CurrencyConverter.swift in Sources */,
				2C5F83742F5D922F009898E9 /* TemperatureView.swift in Sources */,
				2C5F83922F5DA548009898E9 /* MasterView.swift in Sources */,
				2C4AA86A2F6202A700F1BDCC /* WindChillView.swift in Sources */,
				2CD4C2E3240435C8008825E6 /* ComputeHorizon.swift in Sources */,
				2CBF5EDD2F5E1274009575C2 /* ColorPickerView.swift in Sources */,
				2CBD869523F6BE7E0011D886 /* Temperature.swift in Sources */,
				2C87D20C241A96C300BA4363 /* CalendarCalculation.swift in Sources */,
				2C5F83762F5D9586009898E9 /* ConvertNumbersView.swift in Sources */,
				2CF446092F6DEF66009DE620 /* StatisticsView.swift in Sources */,
				2C87D20A241A920900BA4363 /* InterestRate.swift in Sources */,
				2C8B2344242663D6007A20DF /* MyExtensions.swift in Sources */,
				2C5F838A2F5DA0B5009898E9 /* TranslationView.swift in Sources */,
				2C5F836E2F5D8C02009898E9 /* AboutView.swift in Sources */,
				2C5F838E2F5DA39F009898E9 /* BenchmarkView.swift in Sources */,
				DA89F60DBDBB571877892DDA /* FuelCostView.swift in Sources */,
				2CBF5EE52F5E15A8009575C2 /* BMIView.swift in Sources */,
				2C5F83782F5D96B5009898E9 /* InterestRateView.swift in Sources */,
				2CA494A924522AB300E61CC5 /* Global.swift in Sources */,
				ED594AE3762CE492FA6BD580 /* SunriseView.swift in Sources */,
			);
		};
		2CBD867A23F6AA490011D886 /* Sources */ = {
			isa = PBXSourcesBuildPhase;
			files = (
				2CBD868323F6AA490011D886 /* DailyToolboxTests.swift in Sources */,
			);
		};
/* End PBXSourcesBuildPhase section */

/* Begin PBXTargetDependency section */
		2CBD868023F6AA490011D886 /* PBXTargetDependency */ = {
			isa = PBXTargetDependency;
			target = 2CBD866523F6AA480011D886 /* DailyToolbox */;
			targetProxy = 2CBD867F23F6AA490011D886 /* PBXContainerItemProxy */;
		};
/* End PBXTargetDependency section */

/* Begin XCBuildConfiguration section */
		2CBD868523F6AA490011D886 /* Debug configuration for PBXProject "DailyToolbox" */ = {
			isa = XCBuildConfiguration;
			buildSettings = {
				ALWAYS_SEARCH_USER_PATHS = NO;
				CLANG_ANALYZER_LOCALIZABILITY_NONLOCALIZED = YES;
				CLANG_ANALYZER_NONNULL = YES;
				CLANG_ANALYZER_NUMBER_OBJECT_CONVERSION = YES_AGGRESSIVE;
				CLANG_CXX_LANGUAGE_STANDARD = "gnu++14";
				CLANG_CXX_LIBRARY = "libc++";
				CLANG_ENABLE_MODULES = YES;
				CLANG_ENABLE_OBJC_ARC = YES;
				CLANG_ENABLE_OBJC_WEAK = YES;
				CLANG_WARN_BLOCK_CAPTURE_AUTORELEASING = YES;
				CLANG_WARN_BOOL_CONVERSION = YES;
				CLANG_WARN_COMMA = YES;
				CLANG_WARN_CONSTANT_CONVERSION = YES;
				CLANG_WARN_DEPRECATED_OBJC_IMPLEMENTATIONS = YES;
				CLANG_WARN_DIRECT_OBJC_ISA_USAGE = YES_ERROR;
				CLANG_WARN_DOCUMENTATION_COMMENTS = YES;
				CLANG_WARN_EMPTY_BODY = YES;
				CLANG_WARN_ENUM_CONVERSION = YES;
				CLANG_WARN_INFINITE_RECURSION = YES;
				CLANG_WARN_INT_CONVERSION = YES;
				CLANG_WARN_NON_LITERAL_NULL_CONVERSION = YES;
				CLANG_WARN_OBJC_IMPLICIT_RETAIN_SELF = YES;
				CLANG_WARN_OBJC_LITERAL_CONVERSION = YES;
				CLANG_WARN_OBJC_ROOT_CLASS = YES_ERROR;
				CLANG_WARN_QUOTED_INCLUDE_IN_FRAMEWORK_HEADER = YES;
				CLANG_WARN_RANGE_LOOP_ANALYSIS = YES;
				CLANG_WARN_STRICT_PROTOTYPES = YES;
				CLANG_WARN_SUSPICIOUS_MOVE = YES;
				CLANG_WARN_UNGUARDED_AVAILABILITY = YES_AGGRESSIVE;
				CLANG_WARN_UNREACHABLE_CODE = YES;
				CLANG_WARN__DUPLICATE_METHOD_MATCH = YES;
				COPY_PHASE_STRIP = NO;
				DEBUG_INFORMATION_FORMAT = dwarf;
				DEVELOPMENT_TEAM = WS7XMU4939;
				ENABLE_STRICT_OBJC_MSGSEND = YES;
				ENABLE_TESTABILITY = YES;
				ENABLE_USER_SCRIPT_SANDBOXING = YES;
				GCC_C_LANGUAGE_STANDARD = gnu11;
				GCC_DYNAMIC_NO_PIC = NO;
				GCC_NO_COMMON_BLOCKS = YES;
				GCC_OPTIMIZATION_LEVEL = 0;
				GCC_PREPROCESSOR_DEFINITIONS = (
					"DEBUG=1",
					"$(inherited)",
				);
				GCC_WARN_64_TO_32_BIT_CONVERSION = YES;
				GCC_WARN_ABOUT_RETURN_TYPE = YES_ERROR;
				GCC_WARN_UNDECLARED_SELECTOR = YES;
				GCC_WARN_UNINITIALIZED_AUTOS = YES_AGGRESSIVE;
				GCC_WARN_UNUSED_FUNCTION = YES;
				GCC_WARN_UNUSED_VARIABLE = YES;
				IPHONEOS_DEPLOYMENT_TARGET = 26.0;
				MTL_ENABLE_DEBUG_INFO = INCLUDE_SOURCE;
				MTL_FAST_MATH = YES;
				ONLY_ACTIVE_ARCH = YES;
				SDKROOT = iphoneos;
				STRING_CATALOG_GENERATE_SYMBOLS = YES;
				SUPPORTS_MACCATALYST = YES;
				SWIFT_ACTIVE_COMPILATION_CONDITIONS = DEBUG;
				SWIFT_OPTIMIZATION_LEVEL = "-Onone";
				TARGETED_DEVICE_FAMILY = "1,2";
			};
			name = Debug;
		};
		2CBD868623F6AA490011D886 /* Release configuration for PBXProject "DailyToolbox" */ = {
			isa = XCBuildConfiguration;
			buildSettings = {
				ALWAYS_SEARCH_USER_PATHS = NO;
				CLANG_ANALYZER_LOCALIZABILITY_NONLOCALIZED = YES;
				CLANG_ANALYZER_NONNULL = YES;
				CLANG_ANALYZER_NUMBER_OBJECT_CONVERSION = YES_AGGRESSIVE;
				CLANG_CXX_LANGUAGE_STANDARD = "gnu++14";
				CLANG_CXX_LIBRARY = "libc++";
				CLANG_ENABLE_MODULES = YES;
				CLANG_ENABLE_OBJC_ARC = YES;
				CLANG_ENABLE_OBJC_WEAK = YES;
				CLANG_WARN_BLOCK_CAPTURE_AUTORELEASING = YES;
				CLANG_WARN_BOOL_CONVERSION = YES;
				CLANG_WARN_COMMA = YES;
				CLANG_WARN_CONSTANT_CONVERSION = YES;
				CLANG_WARN_DEPRECATED_OBJC_IMPLEMENTATIONS = YES;
				CLANG_WARN_DIRECT_OBJC_ISA_USAGE = YES_ERROR;
				CLANG_WARN_DOCUMENTATION_COMMENTS = YES;
				CLANG_WARN_EMPTY_BODY = YES;
				CLANG_WARN_ENUM_CONVERSION = YES;
				CLANG_WARN_INFINITE_RECURSION = YES;
				CLANG_WARN_INT_CONVERSION = YES;
				CLANG_WARN_NON_LITERAL_NULL_CONVERSION = YES;
				CLANG_WARN_OBJC_IMPLICIT_RETAIN_SELF = YES;
				CLANG_WARN_OBJC_LITERAL_CONVERSION = YES;
				CLANG_WARN_OBJC_ROOT_CLASS = YES_ERROR;
				CLANG_WARN_QUOTED_INCLUDE_IN_FRAMEWORK_HEADER = YES;
				CLANG_WARN_RANGE_LOOP_ANALYSIS = YES;
				CLANG_WARN_STRICT_PROTOTYPES = YES;
				CLANG_WARN_SUSPICIOUS_MOVE = YES;
				CLANG_WARN_UNGUARDED_AVAILABILITY = YES_AGGRESSIVE;
				CLANG_WARN_UNREACHABLE_CODE = YES;
				CLANG_WARN__DUPLICATE_METHOD_MATCH = YES;
				COPY_PHASE_STRIP = NO;
				DEBUG_INFORMATION_FORMAT = "dwarf-with-dsym";
				DEVELOPMENT_TEAM = WS7XMU4939;
				ENABLE_NS_ASSERTIONS = NO;
				ENABLE_STRICT_OBJC_MSGSEND = YES;
				ENABLE_USER_SCRIPT_SANDBOXING = YES;
				GCC_C_LANGUAGE_STANDARD = gnu11;
				GCC_NO_COMMON_BLOCKS = YES;
				GCC_WARN_64_TO_32_BIT_CONVERSION = YES;
				GCC_WARN_ABOUT_RETURN_TYPE = YES_ERROR;
				GCC_WARN_UNDECLARED_SELECTOR = YES;
				GCC_WARN_UNINITIALIZED_AUTOS = YES_AGGRESSIVE;
				GCC_WARN_UNUSED_FUNCTION = YES;
				GCC_WARN_UNUSED_VARIABLE = YES;
				IPHONEOS_DEPLOYMENT_TARGET = 26.0;
				MTL_ENABLE_DEBUG_INFO = NO;
				MTL_FAST_MATH = YES;
				SDKROOT = iphoneos;
				STRING_CATALOG_GENERATE_SYMBOLS = YES;
				SUPPORTS_MACCATALYST = YES;
				SWIFT_COMPILATION_MODE = wholemodule;
				SWIFT_OPTIMIZATION_LEVEL = "-O";
				TARGETED_DEVICE_FAMILY = "1,2";
				VALIDATE_PRODUCT = YES;
			};
			name = Release;
		};
		2CBD868823F6AA490011D886 /* Debug configuration for PBXNativeTarget "DailyToolbox" */ = {
			isa = XCBuildConfiguration;
			buildSettings = {
				ASSETCATALOG_COMPILER_APPICON_NAME = AppIcon;
				CODE_SIGN_ENTITLEMENTS = DailyToolbox/DailyToolbox.entitlements;
				CODE_SIGN_STYLE = Automatic;
				CURRENT_PROJECT_VERSION = 76;
				DERIVE_MACCATALYST_PRODUCT_BUNDLE_IDENTIFIER = NO;
				ENABLE_APP_SANDBOX = YES;
				ENABLE_INCOMING_NETWORK_CONNECTIONS = NO;
				ENABLE_OUTGOING_NETWORK_CONNECTIONS = YES;
				ENABLE_RESOURCE_ACCESS_AUDIO_INPUT = NO;
				ENABLE_RESOURCE_ACCESS_BLUETOOTH = NO;
				ENABLE_RESOURCE_ACCESS_CALENDARS = YES;
				ENABLE_RESOURCE_ACCESS_CAMERA = NO;
				ENABLE_RESOURCE_ACCESS_CONTACTS = NO;
				ENABLE_RESOURCE_ACCESS_LOCATION = YES;
				ENABLE_RESOURCE_ACCESS_PRINTING = NO;
				ENABLE_RESOURCE_ACCESS_USB = NO;
				INFOPLIST_FILE = DailyToolbox/Info.plist;
				"IPHONEOS_DEPLOYMENT_TARGET[sdk=macosx*]" = 26.0;
				LD_RUNPATH_SEARCH_PATHS = (
					"$(inherited)",
					"@executable_path/Frameworks",
				);
				MARKETING_VERSION = 2.4;
				PRODUCT_BUNDLE_IDENTIFIER = "de.marcus-deuss.DailyToolbox";
				PRODUCT_NAME = "$(TARGET_NAME)";
				SUPPORTS_MACCATALYST = YES;
				SUPPORTS_MAC_DESIGNED_FOR_IPHONE_IPAD = YES;
				SWIFT_VERSION = 6.0;
				TARGETED_DEVICE_FAMILY = "1,2,6";
			};
			name = Debug;
		};
		2CBD868923F6AA490011D886 /* Release configuration for PBXNativeTarget "DailyToolbox" */ = {
			isa = XCBuildConfiguration;
			buildSettings = {
				ASSETCATALOG_COMPILER_APPICON_NAME = AppIcon;
				CODE_SIGN_ENTITLEMENTS = DailyToolbox/DailyToolbox.entitlements;
				CODE_SIGN_STYLE = Automatic;
				CURRENT_PROJECT_VERSION = 76;
				DERIVE_MACCATALYST_PRODUCT_BUNDLE_IDENTIFIER = NO;
				ENABLE_APP_SANDBOX = YES;
				ENABLE_INCOMING_NETWORK_CONNECTIONS = NO;
				ENABLE_OUTGOING_NETWORK_CONNECTIONS = YES;
				ENABLE_RESOURCE_ACCESS_AUDIO_INPUT = NO;
				ENABLE_RESOURCE_ACCESS_BLUETOOTH = NO;
				ENABLE_RESOURCE_ACCESS_CALENDARS = YES;
				ENABLE_RESOURCE_ACCESS_CAMERA = NO;
				ENABLE_RESOURCE_ACCESS_CONTACTS = NO;
				ENABLE_RESOURCE_ACCESS_LOCATION = YES;
				ENABLE_RESOURCE_ACCESS_PRINTING = NO;
				ENABLE_RESOURCE_ACCESS_USB = NO;
				INFOPLIST_FILE = DailyToolbox/Info.plist;
				"IPHONEOS_DEPLOYMENT_TARGET[sdk=macosx*]" = 26.0;
				LD_RUNPATH_SEARCH_PATHS = (
					"$(inherited)",
					"@executable_path/Frameworks",
				);
				MARKETING_VERSION = 2.4;
				PRODUCT_BUNDLE_IDENTIFIER = "de.marcus-deuss.DailyToolbox";
				PRODUCT_NAME = "$(TARGET_NAME)";
				SUPPORTS_MACCATALYST = YES;
				SUPPORTS_MAC_DESIGNED_FOR_IPHONE_IPAD = YES;
				SWIFT_VERSION = 6.0;
				TARGETED_DEVICE_FAMILY = "1,2,6";
			};
			name = Release;
		};
		2CBD868B23F6AA490011D886 /* Debug configuration for PBXNativeTarget "DailyToolboxTests" */ = {
			isa = XCBuildConfiguration;
			buildSettings = {
				BUNDLE_LOADER = "$(TEST_HOST)";
				CODE_SIGN_STYLE = Automatic;
				INFOPLIST_FILE = DailyToolboxTests/Info.plist;
				IPHONEOS_DEPLOYMENT_TARGET = 26.0;
				LD_RUNPATH_SEARCH_PATHS = (
					"$(inherited)",
					"@executable_path/Frameworks",
					"@loader_path/Frameworks",
				);
				PRODUCT_BUNDLE_IDENTIFIER = "de.marcus-deuss.DailyToolboxTests";
				PRODUCT_NAME = "$(TARGET_NAME)";
				SWIFT_VERSION = 6.0;
				TARGETED_DEVICE_FAMILY = "1,2";
				TEST_HOST = "$(BUILT_PRODUCTS_DIR)/DailyToolbox.app/DailyToolbox";
			};
			name = Debug;
		};
		2CBD868C23F6AA490011D886 /* Release configuration for PBXNativeTarget "DailyToolboxTests" */ = {
			isa = XCBuildConfiguration;
			buildSettings = {
				BUNDLE_LOADER = "$(TEST_HOST)";
				CODE_SIGN_STYLE = Automatic;
				INFOPLIST_FILE = DailyToolboxTests/Info.plist;
				IPHONEOS_DEPLOYMENT_TARGET = 26.0;
				LD_RUNPATH_SEARCH_PATHS = (
					"$(inherited)",
					"@executable_path/Frameworks",
					"@loader_path/Frameworks",
				);
				PRODUCT_BUNDLE_IDENTIFIER = "de.marcus-deuss.DailyToolboxTests";
				PRODUCT_NAME = "$(TARGET_NAME)";
				SWIFT_VERSION = 6.0;
				TARGETED_DEVICE_FAMILY = "1,2";
				TEST_HOST = "$(BUILT_PRODUCTS_DIR)/DailyToolbox.app/DailyToolbox";
			};
			name = Release;
		};
/* End XCBuildConfiguration section */

/* Begin XCConfigurationList section */
		2CBD866123F6AA480011D886 /* Build configuration list for PBXProject "DailyToolbox" */ = {
			isa = XCConfigurationList;
			buildConfigurations = (
				2CBD868523F6AA490011D886 /* Debug configuration for PBXProject "DailyToolbox" */,
				2CBD868623F6AA490011D886 /* Release configuration for PBXProject "DailyToolbox" */,
			);
			defaultConfigurationName = Release;
		};
		2CBD868723F6AA490011D886 /* Build configuration list for PBXNativeTarget "DailyToolbox" */ = {
			isa = XCConfigurationList;
			buildConfigurations = (
				2CBD868823F6AA490011D886 /* Debug configuration for PBXNativeTarget "DailyToolbox" */,
				2CBD868923F6AA490011D886 /* Release configuration for PBXNativeTarget "DailyToolbox" */,
			);
			defaultConfigurationName = Release;
		};
		2CBD868A23F6AA490011D886 /* Build configuration list for PBXNativeTarget "DailyToolboxTests" */ = {
			isa = XCConfigurationList;
			buildConfigurations = (
				2CBD868B23F6AA490011D886 /* Debug configuration for PBXNativeTarget "DailyToolboxTests" */,
				2CBD868C23F6AA490011D886 /* Release configuration for PBXNativeTarget "DailyToolboxTests" */,
			);
			defaultConfigurationName = Release;
		};
/* End XCConfigurationList section */
	};
	rootObject = 2CBD865E23F6AA480011D886 /* Project object */;
}
